
Microsoft Visual Studio Solution File, Format Version 12.00
# Visual Studio Version 16
VisualStudioVersion = 16.0.29613.14
MinimumVisualStudioVersion = 10.0.40219.1
Project("{FAE04EC0-301F-11D3-BF4B-00C04F79EFBC}") = "SchoolHelper", "SchoolHelper\SchoolHelper.csproj", "{A27EF293-ED6D-48F1-9901-85E0683E4720}"
EndProject
Global
	GlobalSection(SolutionConfigurationPlatforms) = preSolution
		Debug|Any CPU = Debug|Any CPU
		Release|Any CPU = Release|Any CPU
	EndGlobalSection
	GlobalSection(ProjectConfigurationPlatforms) = postSolution
		{A27EF293-ED6D-48F1-9901-85E0683E4720}.Debug|Any CPU.ActiveCfg = Debug|Any CPU
		{A27EF293-ED6D-48F1-9901-85E0683E4720}.Debug|Any CPU.Build.0 = Debug|Any CPU
		{A27EF293-ED6D-48F1-9901-85E0683E4720}.Release|Any CPU.ActiveCfg = Release|Any CPU
		{A27EF293-ED6D-48F1-9901-85E0683E4720}.Release|Any CPU.Build.0 = Release|Any CPU
	EndGlobalSection
	GlobalSection(SolutionProperties) = preSolution
		HideSolutionNode = FALSE
	EndGlobalSection
	GlobalSection(ExtensibilityGlobals) = postSolution
		SolutionGuid = {C72DC164-AE57-4EE6-BD32-106CB6506F26}
	EndGlobalSection
EndGlobal
